{
  "requires": true,
  "lockfileVersion": 1,
  "dependencies": {
    "@types/body-parser": {
      "version": "1.19.0",
      "resolved": "https://registry.npmjs.org/@types/body-parser/-/body-parser-1.19.0.tgz",
      "integrity": "sha512-W98JrE0j2K78swW4ukqMleo8R7h/pFETjM2DQ90MF6XK2i4LO4W3gQ71Lt4w3bfm2EvVSyWHplECvB5sK22yFQ==",
      "requires": {
        "@types/connect": "*",
        "@types/node": "*"
      }
    },
    "@types/connect": {
      "version": "3.4.33",
      "resolved": "https://registry.npmjs.org/@types/connect/-/connect-3.4.33.tgz",
      "integrity": "sha512-2+FrkXY4zllzTNfJth7jOqEHC+enpLeGslEhpnTAkg21GkRrWV4SsAtqchtT4YS9/nODBU2/ZfsBY2X4J/dX7A==",
      "requires": {
        "@types/node": "*"
      }
    },
    "@types/cors": {
      "version": "2.8.6",
      "resolved": "https://registry.npmjs.org/@types/cors/-/cors-2.8.6.tgz",
      "integrity": "sha512-invOmosX0DqbpA+cE2yoHGUlF/blyf7nB0OGYBBiH27crcVm5NmFaZkLP4Ta1hGaesckCi5lVLlydNJCxkTOSg==",
      "requires": {
        "@types/express": "*"
      }
    },
    "@types/express": {
      "version": "4.17.3",
      "resolved": "https://registry.npmjs.org/@types/express/-/express-4.17.3.tgz",
      "integrity": "sha512-I8cGRJj3pyOLs/HndoP+25vOqhqWkAZsWMEmq1qXy/b/M3ppufecUwaK2/TVDVxcV61/iSdhykUjQQ2DLSrTdg==",
      "requires": {
        "@types/body-parser": "*",
        "@types/express-serve-static-core": "*",
        "@types/serve-static": "*"
      }
    },
    "@types/express-serve-static-core": {
      "version": "4.17.2",
      "resolved": "https://registry.npmjs.org/@types/express-serve-static-core/-/express-serve-static-core-4.17.2.tgz",
      "integrity": "sha512-El9yMpctM6tORDAiBwZVLMcxoTMcqqRO9dVyYcn7ycLWbvR8klrDn8CAOwRfZujZtWD7yS/mshTdz43jMOejbg==",
      "requires": {
        "@types/node": "*",
        "@types/range-parser": "*"
      }
    },
    "@types/mime": {
      "version": "2.0.1",
      "resolved": "https://registry.npmjs.org/@types/mime/-/mime-2.0.1.tgz",
      "integrity": "sha512-FwI9gX75FgVBJ7ywgnq/P7tw+/o1GUbtP0KzbtusLigAOgIgNISRK0ZPl4qertvXSIE8YbsVJueQ90cDt9YYyw=="
    },
    "@types/node": {
      "version": "13.9.0",
      "resolved": "https://registry.npmjs.org/@types/node/-/node-13.9.0.tgz",
      "integrity": "sha512-0ARSQootUG1RljH2HncpsY2TJBfGQIKOOi7kxzUY6z54ePu/ZD+wJA8zI2Q6v8rol2qpG/rvqsReco8zNMPvhQ=="
    },
    "@types/range-parser": {
      "version": "1.2.3",
      "resolved": "https://registry.npmjs.org/@types/range-parser/-/range-parser-1.2.3.tgz",
      "integrity": "sha512-ewFXqrQHlFsgc09MK5jP5iR7vumV/BYayNC6PgJO2LPe8vrnNFyjQjSppfEngITi0qvfKtzFvgKymGheFM9UOA=="
    },
    "@types/serve-static": {
      "version": "1.13.3",
      "resolved": "https://registry.npmjs.org/@types/serve-static/-/serve-static-1.13.3.tgz",
      "integrity": "sha512-oprSwp094zOglVrXdlo/4bAHtKTAxX6VT8FOZlBKrmyLbNvE1zxZyJ6yikMVtHIvwP45+ZQGJn+FdXGKTozq0g==",
      "requires": {
        "@types/express-serve-static-core": "*",
        "@types/mime": "*"
      }
    },
    "moment": {
      "version": "2.24.0",
      "resolved": "https://registry.npmjs.org/moment/-/moment-2.24.0.tgz",
      "integrity": "sha512-bV7f+6l2QigeBBZSM/6yTNq4P2fNpSWj/0e7jQcy87A8e7o2nAfP/34/2ky5Vw4B9S446EtIhodAzkFCcR4dQg=="
    }
  }
}
